// !$*UTF8*$!
{
	archiveVersion = 1;
	classes = {
	};
	objectVersion = 55;
	objects = {

/* Begin PBXBuildFile section */
		0600515027808E20002B9F6B /* AppDelegate.swift in Sources */ = {isa = PBXBuildFile; fileRef = 0600514F27808E20002B9F6B /* AppDelegate.swift */; };
		0600515227808E20002B9F6B /* SceneDelegate.swift in Sources */ = {isa = PBXBuildFile; fileRef = 0600515127808E20002B9F6B /* SceneDelegate.swift */; };
		0600515927808E21002B9F6B /* Assets.xcassets in Resources */ = {isa = PBXBuildFile; fileRef = 0600515827808E21002B9F6B /* Assets.xcassets */; };
		181865992786E6AB00206F79 /* DaysLived.storyboard in Resources */ = {isa = PBXBuildFile; fileRef = 181865982786E6AB00206F79 /* DaysLived.storyboard */; };
		1818659B2786E6C300206F79 /* DaysLivedLaunchScreen.storyboard in Resources */ = {isa = PBXBuildFile; fileRef = 1818659A2786E6C300206F79 /* DaysLivedLaunchScreen.storyboard */; };
		1818659D2786E6FB00206F79 /* DaysLivedNewViewController.swift in Sources */ = {isa = PBXBuildFile; fileRef = 1818659C2786E6FB00206F79 /* DaysLivedNewViewController.swift */; };
/* End PBXBuildFile section */

/* Begin PBXFileReference section */
		0600514C27808E20002B9F6B /* YourLife.app */ = {isa = PBXFileReference; explicitFileType = wrapper.application; includeInIndex = 0; path = YourLife.app; sourceTree = BUILT_PRODUCTS_DIR; };
		0600514F27808E20002B9F6B /* AppDelegate.swift */ = {isa = PBXFileReference; lastKnownFileType = sourcecode.swift; path = AppDelegate.swift; sourceTree = "<group>"; };
		0600515127808E20002B9F6B /* SceneDelegate.swift */ = {isa = PBXFileReference; lastKnownFileType = sourcecode.swift; path = SceneDelegate.swift; sourceTree = "<group>"; };
		0600515827808E21002B9F6B /* Assets.xcassets */ = {isa = PBXFileReference; lastKnownFileType = folder.assetcatalog; path = Assets.xcassets; sourceTree = "<group>"; };
		0600515D27808E21002B9F6B /* Info.plist */ = {isa = PBXFileReference; lastKnownFileType = text.plist.xml; path = Info.plist; sourceTree = "<group>"; };
		181865982786E6AB00206F79 /* DaysLived.storyboard */ = {isa = PBXFileReference; lastKnownFileType = file.storyboard; path = DaysLived.storyboard; sourceTree = "<group>"; };
		1818659A2786E6C300206F79 /* DaysLivedLaunchScreen.storyboard */ = {isa = PBXFileReference; lastKnownFileType = file.storyboard; path = DaysLivedLaunchScreen.storyboard; sourceTree = "<group>"; };
		1818659C2786E6FB00206F79 /* DaysLivedNewViewController.swift */ = {isa = PBXFileReference; lastKnownFileType = sourcecode.swift; path = DaysLivedNewViewController.swift; sourceTree = "<group>"; };
/* End PBXFileReference section */

/* Begin PBXFrameworksBuildPhase section */
		0600514927808E20002B9F6B /* Frameworks */ = {
			isa = PBXFrameworksBuildPhase;
			buildActionMask = 2147483647;
			files = (
			);
			runOnlyForDeploymentPostprocessing = 0;
		};
/* End PBXFrameworksBuildPhase section */

/* Begin PBXGroup section */
		0600514327808E20002B9F6B = {
			isa = PBXGroup;
			children = (
				0600514E27808E20002B9F6B /* YourLife */,
				0600514D27808E20002B9F6B /* Products */,
			);
			sourceTree = "<group>";
		};
		0600514D27808E20002B9F6B /* Products */ = {
			isa = PBXGroup;
			children = (
				0600514C27808E20002B9F6B /* YourLife.app */,
			);
			name = Products;
			sourceTree = "<group>";
		};
		0600514E27808E20002B9F6B /* YourLife */ = {
			isa = PBXGroup;
			children = (
				0600516327808EC1002B9F6B /* SupportFiles */,
				0600516527808F1B002B9F6B /* ViewControllers */,
				0600516427808F08002B9F6B /* StoryBoards */,
				0600516627808F32002B9F6B /* Sources */,
			);
			path = YourLife;
			sourceTree = "<group>";
		};
		0600516327808EC1002B9F6B /* SupportFiles */ = {
			isa = PBXGroup;
			children = (
				0600514F27808E20002B9F6B /* AppDelegate.swift */,
				0600515127808E20002B9F6B /* SceneDelegate.swift */,
				0600515D27808E21002B9F6B /* Info.plist */,
			);
			path = SupportFiles;
			sourceTree = "<group>";
		};
		0600516427808F08002B9F6B /* StoryBoards */ = {
			isa = PBXGroup;
			children = (
				181865982786E6AB00206F79 /* DaysLived.storyboard */,
				1818659A2786E6C300206F79 /* DaysLivedLaunchScreen.storyboard */,
			);
			path = StoryBoards;
			sourceTree = "<group>";
		};
		0600516527808F1B002B9F6B /* ViewControllers */ = {
			isa = PBXGroup;
			children = (
				1818659C2786E6FB00206F79 /* DaysLivedNewViewController.swift */,
			);
			path = ViewControllers;
			sourceTree = "<group>";
		};
		0600516627808F32002B9F6B /* Sources */ = {
			isa = PBXGroup;
			children = (
				0600515827808E21002B9F6B /* Assets.xcassets */,
			);
			path = Sources;
			sourceTree = "<group>";
		};
/* End PBXGroup section */

/* Begin PBXNativeTarget section */
		0600514B27808E20002B9F6B /* YourLife */ = {
			isa = PBXNativeTarget;
			buildConfigurationList = 0600516027808E21002B9F6B /* Build configuration list for PBXNativeTarget "YourLife" */;
			buildPhases = (
				0600514827808E20002B9F6B /* Sources */,
				0600514927808E20002B9F6B /* Frameworks */,
				0600514A27808E20002B9F6B /* Resources */,
			);
			buildRules = (
			);
			dependencies = (
			);
			name = YourLife;
			productName = YourLife;
			productReference = 0600514C27808E20002B9F6B /* YourLife.app */;
			productType = "com.apple.product-type.application";
		};
/* End PBXNativeTarget section */

/* Begin PBXProject section */
		0600514427808E20002B9F6B /* Project object */ = {
			isa = PBXProject;
			attributes = {
				BuildIndependentTargetsInParallel = 1;
				LastSwiftUpdateCheck = 1320;
				LastUpgradeCheck = 1320;
				TargetAttributes = {
					0600514B27808E20002B9F6B = {
						CreatedOnToolsVersion = 13.2.1;
					};
				};
			};
			buildConfigurationList = 0600514727808E20002B9F6B /* Build configuration list for PBXProject "YourLife" */;
			compatibilityVersion = "Xcode 13.0";
			developmentRegion = en;
			hasScannedForEncodings = 0;
			knownRegions = (
				en,
				Base,
			);
			mainGroup = 0600514327808E20002B9F6B;
			productRefGroup = 0600514D27808E20002B9F6B /* Products */;
			projectDirPath = "";
			projectRoot = "";
			targets = (
				0600514B27808E20002B9F6B /* YourLife */,
			);
		};
/* End PBXProject section */

/* Begin PBXResourcesBuildPhase section */
		0600514A27808E20002B9F6B /* Resources */ = {
			isa = PBXResourcesBuildPhase;
			buildActionMask = 2147483647;
			files = (
				181865992786E6AB00206F79 /* DaysLived.storyboard in Resources */,
				1818659B2786E6C300206F79 /* DaysLivedLaunchScreen.storyboard in Resources */,
				0600515927808E21002B9F6B /* Assets.xcassets in Resources */,
			);
			runOnlyForDeploymentPostprocessing = 0;
		};
/* End PBXResourcesBuildPhase section */

/* Begin PBXSourcesBuildPhase section */
		0600514827808E20002B9F6B /* Sources */ = {
			isa = PBXSourcesBuildPhase;
			buildActionMask = 2147483647;
			files = (
				0600515027808E20002B9F6B /* AppDelegate.swift in Sources */,
				1818659D2786E6FB00206F79 /* DaysLivedNewViewController.swift in Sources */,
				0600515227808E20002B9F6B /* SceneDelegate.swift in Sources */,
			);
			runOnlyForDeploymentPostprocessing = 0;
		};
/* End PBXSourcesBuildPhase section */

/* Begin XCBuildConfiguration section */
		0600515E27808E21002B9F6B /* Debug */ = {
			isa = XCBuildConfiguration;
			buildSettings = {
				ALWAYS_SEARCH_USER_PATHS = NO;
				CLANG_ANALYZER_NONNULL = YES;
				CLANG_ANALYZER_NUMBER_OBJECT_CONVERSION = YES_AGGRESSIVE;
				CLANG_CXX_LANGUAGE_STANDARD = "gnu++17";
				CLANG_CXX_LIBRARY = "libc++";
				CLANG_ENABLE_MODULES = YES;
				CLANG_ENABLE_OBJC_ARC = YES;
				CLANG_ENABLE_OBJC_WEAK = YES;
				CLANG_WARN_BLOCK_CAPTURE_AUTORELEASING = YES;
				CLANG_WARN_BOOL_CONVERSION = YES;
				CLANG_WARN_COMMA = YES;
				CLANG_WARN_CONSTANT_CONVERSION = YES;
				CLANG_WARN_DEPRECATED_OBJC_IMPLEMENTATIONS = YES;
				CLANG_WARN_DIRECT_OBJC_ISA_USAGE = YES_ERROR;
				CLANG_WARN_DOCUMENTATION_COMMENTS = YES;
				CLANG_WARN_EMPTY_BODY = YES;
				CLANG_WARN_ENUM_CONVERSION = YES;
				CLANG_WARN_INFINITE_RECURSION = YES;
				CLANG_WARN_INT_CONVERSION = YES;
				CLANG_WARN_NON_LITERAL_NULL_CONVERSION = YES;
				CLANG_WARN_OBJC_IMPLICIT_RETAIN_SELF = YES;
				CLANG_WARN_OBJC_LITERAL_CONVERSION = YES;
				CLANG_WARN_OBJC_ROOT_CLASS = YES_ERROR;
				CLANG_WARN_QUOTED_INCLUDE_IN_FRAMEWORK_HEADER = YES;
				CLANG_WARN_RANGE_LOOP_ANALYSIS = YES;
				CLANG_WARN_STRICT_PROTOTYPES = YES;
				CLANG_WARN_SUSPICIOUS_MOVE = YES;
				CLANG_WARN_UNGUARDED_AVAILABILITY = YES_AGGRESSIVE;
				CLANG_WARN_UNREACHABLE_CODE = YES;
				CLANG_WARN__DUPLICATE_METHOD_MATCH = YES;
				COPY_PHASE_STRIP = NO;
				DEBUG_INFORMATION_FORMAT = dwarf;
				ENABLE_STRICT_OBJC_MSGSEND = YES;
				ENABLE_TESTABILITY = YES;
				GCC_C_LANGUAGE_STANDARD = gnu11;
				GCC_DYNAMIC_NO_PIC = NO;
				GCC_NO_COMMON_BLOCKS = YES;
				GCC_OPTIMIZATION_LEVEL = 0;
				GCC_PREPROCESSOR_DEFINITIONS = (
					"DEBUG=1",
					"$(inherited)",
				);
				GCC_WARN_64_TO_32_BIT_CONVERSION = YES;
				GCC_WARN_ABOUT_RETURN_TYPE = YES_ERROR;
				GCC_WARN_UNDECLARED_SELECTOR = YES;
				GCC_WARN_UNINITIALIZED_AUTOS = YES_AGGRESSIVE;
				GCC_WARN_UNUSED_FUNCTION = YES;
				GCC_WARN_UNUSED_VARIABLE = YES;
				IPHONEOS_DEPLOYMENT_TARGET = 15.2;
				MTL_ENABLE_DEBUG_INFO = INCLUDE_SOURCE;
				MTL_FAST_MATH = YES;
				ONLY_ACTIVE_ARCH = YES;
				SDKROOT = iphoneos;
				SWIFT_ACTIVE_COMPILATION_CONDITIONS = DEBUG;
				SWIFT_OPTIMIZATION_LEVEL = "-Onone";
			};
			name = Debug;
		};
		0600515F27808E21002B9F6B /* Release */ = {
			isa = XCBuildConfiguration;
			buildSettings = {
				ALWAYS_SEARCH_USER_PATHS = NO;
				CLANG_ANALYZER_NONNULL = YES;
				CLANG_ANALYZER_NUMBER_OBJECT_CONVERSION = YES_AGGRESSIVE;
				CLANG_CXX_LANGUAGE_STANDARD = "gnu++17";
				CLANG_CXX_LIBRARY = "libc++";
				CLANG_ENABLE_MODULES = YES;
				CLANG_ENABLE_OBJC_ARC = YES;
				CLANG_ENABLE_OBJC_WEAK = YES;
				CLANG_WARN_BLOCK_CAPTURE_AUTORELEASING = YES;
				CLANG_WARN_BOOL_CONVERSION = YES;
				CLANG_WARN_COMMA = YES;
				CLANG_WARN_CONSTANT_CONVERSION = YES;
				CLANG_WARN_DEPRECATED_OBJC_IMPLEMENTATIONS = YES;
				CLANG_WARN_DIRECT_OBJC_ISA_USAGE = YES_ERROR;
				CLANG_WARN_DOCUMENTATION_COMMENTS = YES;
				CLANG_WARN_EMPTY_BODY = YES;
				CLANG_WARN_ENUM_CONVERSION = YES;
				CLANG_WARN_INFINITE_RECURSION = YES;
				CLANG_WARN_INT_CONVERSION = YES;
				CLANG_WARN_NON_LITERAL_NULL_CONVERSION = YES;
				CLANG_WARN_OBJC_IMPLICIT_RETAIN_SELF = YES;
				CLANG_WARN_OBJC_LITERAL_CONVERSION = YES;
				CLANG_WARN_OBJC_ROOT_CLASS = YES_ERROR;
				CLANG_WARN_QUOTED_INCLUDE_IN_FRAMEWORK_HEADER = YES;
				CLANG_WARN_RANGE_LOOP_ANALYSIS = YES;
				CLANG_WARN_STRICT_PROTOTYPES = YES;
				CLANG_WARN_SUSPICIOUS_MOVE = YES;
				CLANG_WARN_UNGUARDED_AVAILABILITY = YES_AGGRESSIVE;
				CLANG_WARN_UNREACHABLE_CODE = YES;
				CLANG_WARN__DUPLICATE_METHOD_MATCH = YES;
				COPY_PHASE_STRIP = NO;
				DEBUG_INFORMATION_FORMAT = "dwarf-with-dsym";
				ENABLE_NS_ASSERTIONS = NO;
				ENABLE_STRICT_OBJC_MSGSEND = YES;
				GCC_C_LANGUAGE_STANDARD = gnu11;
				GCC_NO_COMMON_BLOCKS = YES;
				GCC_WARN_64_TO_32_BIT_CONVERSION = YES;
				GCC_WARN_ABOUT_RETURN_TYPE = YES_ERROR;
				GCC_WARN_UNDECLARED_SELECTOR = YES;
				GCC_WARN_UNINITIALIZED_AUTOS = YES_AGGRESSIVE;
				GCC_WARN_UNUSED_FUNCTION = YES;
				GCC_WARN_UNUSED_VARIABLE = YES;
				IPHONEOS_DEPLOYMENT_TARGET = 15.2;
				MTL_ENABLE_DEBUG_INFO = NO;
				MTL_FAST_MATH = YES;
				SDKROOT = iphoneos;
				SWIFT_COMPILATION_MODE = wholemodule;
				SWIFT_OPTIMIZATION_LEVEL = "-O";
				VALIDATE_PRODUCT = YES;
			};
			name = Release;
		};
		0600516127808E21002B9F6B /* Debug */ = {
			isa = XCBuildConfiguration;
			buildSettings = {
				ASSETCATALOG_COMPILER_APPICON_NAME = AppIcon;
				ASSETCATALOG_COMPILER_GLOBAL_ACCENT_COLOR_NAME = AccentColor;
				CODE_SIGN_STYLE = Automatic;
				CURRENT_PROJECT_VERSION = 1;
				DEVELOPMENT_TEAM = K9A4ZL65HH;
				GENERATE_INFOPLIST_FILE = YES;
				INFOPLIST_FILE = YourLife/SupportFiles/Info.plist;
				INFOPLIST_KEY_UIApplicationSupportsIndirectInputEvents = YES;
				INFOPLIST_KEY_UILaunchStoryboardName = LaunchScreen;
				INFOPLIST_KEY_UIMainStoryboardFile = Main;
				INFOPLIST_KEY_UISupportedInterfaceOrientations_iPad = "UIInterfaceOrientationPortrait UIInterfaceOrientationPortraitUpsideDown UIInterfaceOrientationLandscapeLeft UIInterfaceOrientationLandscapeRight";
				INFOPLIST_KEY_UISupportedInterfaceOrientations_iPhone = "UIInterfaceOrientationPortrait UIInterfaceOrientationLandscapeLeft UIInterfaceOrientationLandscapeRight";
				IPHONEOS_DEPLOYMENT_TARGET = 15.0;
				LD_RUNPATH_SEARCH_PATHS = (
					"$(inherited)",
					"@executable_path/Frameworks",
				);
				MARKETING_VERSION = 1.0;
				PRODUCT_BUNDLE_IDENTIFIER = ru.dybedy.YourLife;
				PRODUCT_NAME = "$(TARGET_NAME)";
				SWIFT_EMIT_LOC_STRINGS = YES;
				SWIFT_VERSION = 5.0;
				TARGETED_DEVICE_FAMILY = 1;
			};
			name = Debug;
		};
		0600516227808E21002B9F6B /* Release */ = {
			isa = XCBuildConfiguration;
			buildSettings = {
				ASSETCATALOG_COMPILER_APPICON_NAME = AppIcon;
				ASSETCATALOG_COMPILER_GLOBAL_ACCENT_COLOR_NAME = AccentColor;
				CODE_SIGN_STYLE = Automatic;
				CURRENT_PROJECT_VERSION = 1;
				DEVELOPMENT_TEAM = K9A4ZL65HH;
				GENERATE_INFOPLIST_FILE = YES;
				INFOPLIST_FILE = YourLife/SupportFiles/Info.plist;
				INFOPLIST_KEY_UIApplicationSupportsIndirectInputEvents = YES;
				INFOPLIST_KEY_UILaunchStoryboardName = LaunchScreen;
				INFOPLIST_KEY_UIMainStoryboardFile = Main;
				INFOPLIST_KEY_UISupportedInterfaceOrientations_iPad = "UIInterfaceOrientationPortrait UIInterfaceOrientationPortraitUpsideDown UIInterfaceOrientationLandscapeLeft UIInterfaceOrientationLandscapeRight";
				INFOPLIST_KEY_UISupportedInterfaceOrientations_iPhone = "UIInterfaceOrientationPortrait UIInterfaceOrientationLandscapeLeft UIInterfaceOrientationLandscapeRight";
				IPHONEOS_DEPLOYMENT_TARGET = 15.0;
				LD_RUNPATH_SEARCH_PATHS = (
					"$(inherited)",
					"@executable_path/Frameworks",
				);
				MARKETING_VERSION = 1.0;
				PRODUCT_BUNDLE_IDENTIFIER = ru.dybedy.YourLife;
				PRODUCT_NAME = "$(TARGET_NAME)";
				SWIFT_EMIT_LOC_STRINGS = YES;
				SWIFT_VERSION = 5.0;
				TARGETED_DEVICE_FAMILY = 1;
			};
			name = Release;
		};
/* End XCBuildConfiguration section */

/* Begin XCConfigurationList section */
		0600514727808E20002B9F6B /* Build configuration list for PBXProject "YourLife" */ = {
			isa = XCConfigurationList;
			buildConfigurations = (
				0600515E27808E21002B9F6B /* Debug */,
				0600515F27808E21002B9F6B /* Release */,
			);
			defaultConfigurationIsVisible = 0;
			defaultConfigurationName = Release;
		};
		0600516027808E21002B9F6B /* Build configuration list for PBXNativeTarget "YourLife" */ = {
			isa = XCConfigurationList;
			buildConfigurations = (
				0600516127808E21002B9F6B /* Debug */,
				0600516227808E21002B9F6B /* Release */,
			);
			defaultConfigurationIsVisible = 0;
			defaultConfigurationName = Release;
		};
/* End XCConfigurationList section */
	};
	rootObject = 0600514427808E20002B9F6B /* Project object */;
}
